# THIS IS AN AUTOGENERATED FILE. DO NOT EDIT THIS FILE DIRECTLY.
# yarn lockfile v1


lit-element@^2.0.1:
  version "2.0.1"
  resolved "https://registry.yarnpkg.com/lit-element/-/lit-element-2.0.1.tgz#9ec5871d3b64487f432c7c071df80ef031d7091b"
  integrity sha512-2bu3B2ZYUZgntvOgu3i5mRK8geo45CLUwxwJEYK54hyednoJasjiTZPB13NBg1D+hNM2JfmWTWJnh1QEUQv7zw==
  dependencies:
    lit-html "^1.0.0"

lit-html@^1.0.0:
  version "1.0.0"
  resolved "https://registry.yarnpkg.com/lit-html/-/lit-html-1.0.0.tgz#3dc3781a8ca68a9b5c2ff2a61e263662b9b2267b"
  integrity sha512-oeWlpLmBW3gFl7979Wol2LKITpmKTUFNn7PnFbh6YNynF61W74l6x5WhwItAwPRSATpexaX1egNnRzlN4GOtfQ==

popper.js@^1.14.4:
  version "1.14.4"
  resolved "https://registry.yarnpkg.com/popper.js/-/popper.js-1.14.4.tgz#8eec1d8ff02a5a3a152dd43414a15c7b79fd69b6"
  integrity sha1-juwdj/AqWjoVLdQ0FKFce3n9abY=
