# THIS IS AN AUTOGENERATED FILE. DO NOT EDIT THIS FILE DIRECTLY.
# yarn lockfile v1


lit-element@^2.2.0:
  version "2.2.0"
  resolved "https://registry.yarnpkg.com/lit-element/-/lit-element-2.2.0.tgz#e853be38021f0c7743a10180affdf84b8a02400c"
  integrity sha512-Mzs3H7IO4wAnpzqreHw6dQqp9IG+h/oN8X9pgNbMZbE7x6B0aNOwP5Nveox/5HE+65ZfW2PeULEjoHkrwpTnuQ==
  dependencies:
    lit-html "^1.0.0"

lit-html@^1.0.0:
  version "1.0.0"
  resolved "https://registry.yarnpkg.com/lit-html/-/lit-html-1.0.0.tgz#3dc3781a8ca68a9b5c2ff2a61e263662b9b2267b"
  integrity sha512-oeWlpLmBW3gFl7979Wol2LKITpmKTUFNn7PnFbh6YNynF61W74l6x5WhwItAwPRSATpexaX1egNnRzlN4GOtfQ==

lit-html@^1.1.1:
  version "1.1.1"
  resolved "http://npm-server.charm2012.local:4873/lit-html/-/lit-html-1.1.1.tgz#186ed6abcc70c0d24e1132b37411c3b2645ed1aa"
  integrity sha512-1WqhkPpj+CKwLRXCCbyRGnWkcFKE4ft2+j8C2zaXwFUK9I2vYDzTuDGPh0H9hZcDBEwoe6YpPC8AO5734EPORQ==

popper.js@^1.14.4:
  version "1.14.4"
  resolved "https://registry.yarnpkg.com/popper.js/-/popper.js-1.14.4.tgz#8eec1d8ff02a5a3a152dd43414a15c7b79fd69b6"
  integrity sha1-juwdj/AqWjoVLdQ0FKFce3n9abY=

pwa-helpers@^0.9.1:
  version "0.9.1"
  resolved "https://registry.yarnpkg.com/pwa-helpers/-/pwa-helpers-0.9.1.tgz#9ea22fa1996ab97df73b276cae962621c3fd2532"
  integrity sha512-4sP/C9sSxQ3w80AATmvCEI3R+MHzCwr2RSZEbLyMkeJgV3cRk7ySZRUrQnBDSA7A0/z6dkYtjuXlkhN1ZFw3iA==
