# THIS IS AN AUTOGENERATED FILE. DO NOT EDIT THIS FILE DIRECTLY.
# yarn lockfile v1


"@lit-element-bootstrap/content@^1.0.0-alpha.2":
  version "1.0.0-alpha.2"
  resolved "https://registry.yarnpkg.com/@lit-element-bootstrap/content/-/content-1.0.0-alpha.2.tgz#f67046586f98d9032f85a2c5d288b252c39e14d8"
  integrity sha512-KAw6S2QTGVtxhrPvite3Gd7DoX8D1T3nyMGupVIvYDBQ0KLt13fPgblmzvr/XZ19KM4Bj77Xc+RxIULCj6r8pg==
  dependencies:
    lit-element "2.2.0"

lit-element@2.2.0:
  version "2.2.0"
  resolved "https://registry.yarnpkg.com/lit-element/-/lit-element-2.2.0.tgz#e853be38021f0c7743a10180affdf84b8a02400c"
  integrity sha512-Mzs3H7IO4wAnpzqreHw6dQqp9IG+h/oN8X9pgNbMZbE7x6B0aNOwP5Nveox/5HE+65ZfW2PeULEjoHkrwpTnuQ==
  dependencies:
    lit-html "^1.0.0"

lit-html@^1.0.0:
  version "1.1.2"
  resolved "https://registry.yarnpkg.com/lit-html/-/lit-html-1.1.2.tgz#2e3560a7075210243649c888ad738eaf0daa8374"
  integrity sha512-FFlUMKHKi+qG1x1iHNZ1hrtc/zHmfYTyrSvs3/wBTvaNtpZjOZGWzU7efGYVpgp6KvWeKF6ql9/KsCq6Z/mEDA==

popper.js@^1.15.0:
  version "1.15.0"
  resolved "https://registry.yarnpkg.com/popper.js/-/popper.js-1.15.0.tgz#5560b99bbad7647e9faa475c6b8056621f5a4ff2"
  integrity sha512-w010cY1oCUmI+9KwwlWki+r5jxKfTFDVoadl7MSrIujHU5MJ5OR6HTDj6Xo8aoR/QsA56x8jKjA59qGH4ELtrA==
